github.com/dgrijalva/jwt-go v3.2.0+incompatible h1:7qlOGliEKZXTDg6OTjfoBKDXWrumCAMpl/TFQ4/5kLM=
github.com/dgrijalva/jwt-go v3.2.0+incompatible/go.mod h1:E3ru+11k8xSBh+hMPgOLZmtrrCbhqsmaPHjLKYnJCaQ=
github.com/google/go-cmp v0.2.0 h1:+dTQ8DZQJz0Mb/HjFlkptS1FeQ4cWSnN941F8aEG4SQ=
github.com/google/go-cmp v0.2.0/go.mod h1:oXzfMopK8JAjlY9xF4vHSVASa0yLyX7SntLO5aqRK0M=
github.com/jjjjpppp/quoinex-go-client v0.0.0-20200716005259-5a92aa2f8321 h1:+7u64pyjpoP0duhRFNRrqZLDH/ERvAfqvIEO/yvvwDs=
github.com/jjjjpppp/quoinex-go-client v0.0.0-20200716005259-5a92aa2f8321/go.mod h1:Y8by+kvVdkWQcSFxkDrA7TzUbXmIRd+l5eEos2vywe4=
